// !$*UTF8*$!
{
	archiveVersion = 1;
	classes = {
	};
	objectVersion = 48;
	objects = {

/* Begin PBXBuildFile section */
		EFEABDC110EF233FE3CF5963 /* Pods_SyneboTestProject.framework in Frameworks */ = {isa = PBXBuildFile; fileRef = 5B21E19E8BF57ACC74F3755D /* Pods_SyneboTestProject.framework */; };
		FA4666021F8CF806007F6B3B /* AppDelegate.swift in Sources */ = {isa = PBXBuildFile; fileRef = FA4666011F8CF806007F6B3B /* AppDelegate.swift */; };
		FA4666041F8CF806007F6B3B /* FirstViewController.swift in Sources */ = {isa = PBXBuildFile; fileRef = FA4666031F8CF806007F6B3B /* FirstViewController.swift */; };
		FA4666091F8CF806007F6B3B /* Assets.xcassets in Resources */ = {isa = PBXBuildFile; fileRef = FA4666081F8CF806007F6B3B /* Assets.xcassets */; };
		FA46660C1F8CF806007F6B3B /* LaunchScreen.storyboard in Resources */ = {isa = PBXBuildFile; fileRef = FA46660A1F8CF806007F6B3B /* LaunchScreen.storyboard */; };
		FA4666141F8CF86A007F6B3B /* SecondViewController.swift in Sources */ = {isa = PBXBuildFile; fileRef = FA4666131F8CF86A007F6B3B /* SecondViewController.swift */; };
		FA4666181F8CF913007F6B3B /* FirstUI.swift in Sources */ = {isa = PBXBuildFile; fileRef = FA4666171F8CF913007F6B3B /* FirstUI.swift */; };
		FA46661A1F8CFE5A007F6B3B /* SecondUI.swift in Sources */ = {isa = PBXBuildFile; fileRef = FA4666191F8CFE5A007F6B3B /* SecondUI.swift */; };
		FA46661C1F8D02A7007F6B3B /* AppConstants.swift in Sources */ = {isa = PBXBuildFile; fileRef = FA46661B1F8D02A7007F6B3B /* AppConstants.swift */; };
		FA4666211F8D08EB007F6B3B /* SecondTableViewDelegate.swift in Sources */ = {isa = PBXBuildFile; fileRef = FA4666201F8D08EB007F6B3B /* SecondTableViewDelegate.swift */; };
		FA4666241F8D1595007F6B3B /* SimpleAlert.swift in Sources */ = {isa = PBXBuildFile; fileRef = FA4666231F8D1595007F6B3B /* SimpleAlert.swift */; };
		FA4666271F8D17D5007F6B3B /* FeedDescribingVC.swift in Sources */ = {isa = PBXBuildFile; fileRef = FA4666261F8D17D5007F6B3B /* FeedDescribingVC.swift */; };
		FA4666291F8D18D1007F6B3B /* FeedDescriptionUI.swift in Sources */ = {isa = PBXBuildFile; fileRef = FA4666281F8D18D1007F6B3B /* FeedDescriptionUI.swift */; };
/* End PBXBuildFile section */

/* Begin PBXFileReference section */
		5B21E19E8BF57ACC74F3755D /* Pods_SyneboTestProject.framework */ = {isa = PBXFileReference; explicitFileType = wrapper.framework; includeInIndex = 0; path = Pods_SyneboTestProject.framework; sourceTree = BUILT_PRODUCTS_DIR; };
		7ED2C9B1D25827A3464E64B6 /* Pods-SyneboTestProject.release.xcconfig */ = {isa = PBXFileReference; includeInIndex = 1; lastKnownFileType = text.xcconfig; name = "Pods-SyneboTestProject.release.xcconfig"; path = "Pods/Target Support Files/Pods-SyneboTestProject/Pods-SyneboTestProject.release.xcconfig"; sourceTree = "<group>"; };
		EE93C2E37F1CFD78BC09660A /* Pods-SyneboTestProject.debug.xcconfig */ = {isa = PBXFileReference; includeInIndex = 1; lastKnownFileType = text.xcconfig; name = "Pods-SyneboTestProject.debug.xcconfig"; path = "Pods/Target Support Files/Pods-SyneboTestProject/Pods-SyneboTestProject.debug.xcconfig"; sourceTree = "<group>"; };
		FA4665FE1F8CF806007F6B3B /* SyneboTestProject.app */ = {isa = PBXFileReference; explicitFileType = wrapper.application; includeInIndex = 0; path = SyneboTestProject.app; sourceTree = BUILT_PRODUCTS_DIR; };
		FA4666011F8CF806007F6B3B /* AppDelegate.swift */ = {isa = PBXFileReference; lastKnownFileType = sourcecode.swift; path = AppDelegate.swift; sourceTree = "<group>"; };
		FA4666031F8CF806007F6B3B /* FirstViewController.swift */ = {isa = PBXFileReference; lastKnownFileType = sourcecode.swift; path = FirstViewController.swift; sourceTree = "<group>"; };
		FA4666081F8CF806007F6B3B /* Assets.xcassets */ = {isa = PBXFileReference; lastKnownFileType = folder.assetcatalog; path = Assets.xcassets; sourceTree = "<group>"; };
		FA46660B1F8CF806007F6B3B /* Base */ = {isa = PBXFileReference; lastKnownFileType = file.storyboard; name = Base; path = Base.lproj/LaunchScreen.storyboard; sourceTree = "<group>"; };
		FA46660D1F8CF806007F6B3B /* Info.plist */ = {isa = PBXFileReference; lastKnownFileType = text.plist.xml; path = Info.plist; sourceTree = "<group>"; };
		FA4666131F8CF86A007F6B3B /* SecondViewController.swift */ = {isa = PBXFileReference; lastKnownFileType = sourcecode.swift; path = SecondViewController.swift; sourceTree = "<group>"; };
		FA4666171F8CF913007F6B3B /* FirstUI.swift */ = {isa = PBXFileReference; lastKnownFileType = sourcecode.swift; path = FirstUI.swift; sourceTree = "<group>"; };
		FA4666191F8CFE5A007F6B3B /* SecondUI.swift */ = {isa = PBXFileReference; lastKnownFileType = sourcecode.swift; path = SecondUI.swift; sourceTree = "<group>"; };
		FA46661B1F8D02A7007F6B3B /* AppConstants.swift */ = {isa = PBXFileReference; lastKnownFileType = sourcecode.swift; path = AppConstants.swift; sourceTree = "<group>"; };
		FA4666201F8D08EB007F6B3B /* SecondTableViewDelegate.swift */ = {isa = PBXFileReference; lastKnownFileType = sourcecode.swift; path = SecondTableViewDelegate.swift; sourceTree = "<group>"; };
		FA4666231F8D1595007F6B3B /* SimpleAlert.swift */ = {isa = PBXFileReference; lastKnownFileType = sourcecode.swift; path = SimpleAlert.swift; sourceTree = "<group>"; };
		FA4666261F8D17D5007F6B3B /* FeedDescribingVC.swift */ = {isa = PBXFileReference; lastKnownFileType = sourcecode.swift; path = FeedDescribingVC.swift; sourceTree = "<group>"; };
		FA4666281F8D18D1007F6B3B /* FeedDescriptionUI.swift */ = {isa = PBXFileReference; lastKnownFileType = sourcecode.swift; path = FeedDescriptionUI.swift; sourceTree = "<group>"; };
/* End PBXFileReference section */

/* Begin PBXFrameworksBuildPhase section */
		FA4665FB1F8CF806007F6B3B /* Frameworks */ = {
			isa = PBXFrameworksBuildPhase;
			buildActionMask = 2147483647;
			files = (
				EFEABDC110EF233FE3CF5963 /* Pods_SyneboTestProject.framework in Frameworks */,
			);
			runOnlyForDeploymentPostprocessing = 0;
		};
/* End PBXFrameworksBuildPhase section */

/* Begin PBXGroup section */
		37C8FC898185E373FBE0DB5D /* Pods */ = {
			isa = PBXGroup;
			children = (
				EE93C2E37F1CFD78BC09660A /* Pods-SyneboTestProject.debug.xcconfig */,
				7ED2C9B1D25827A3464E64B6 /* Pods-SyneboTestProject.release.xcconfig */,
			);
			name = Pods;
			sourceTree = "<group>";
		};
		B9023B9D26FC2A9B30631BE2 /* Frameworks */ = {
			isa = PBXGroup;
			children = (
				5B21E19E8BF57ACC74F3755D /* Pods_SyneboTestProject.framework */,
			);
			name = Frameworks;
			sourceTree = "<group>";
		};
		FA4665F51F8CF806007F6B3B = {
			isa = PBXGroup;
			children = (
				FA4666001F8CF806007F6B3B /* SyneboTestProject */,
				FA4665FF1F8CF806007F6B3B /* Products */,
				37C8FC898185E373FBE0DB5D /* Pods */,
				B9023B9D26FC2A9B30631BE2 /* Frameworks */,
			);
			sourceTree = "<group>";
		};
		FA4665FF1F8CF806007F6B3B /* Products */ = {
			isa = PBXGroup;
			children = (
				FA4665FE1F8CF806007F6B3B /* SyneboTestProject.app */,
			);
			name = Products;
			sourceTree = "<group>";
		};
		FA4666001F8CF806007F6B3B /* SyneboTestProject */ = {
			isa = PBXGroup;
			children = (
				FA4666011F8CF806007F6B3B /* AppDelegate.swift */,
				FA46661B1F8D02A7007F6B3B /* AppConstants.swift */,
				FA46661D1F8D0374007F6B3B /* Helpers */,
				FA4666151F8CF8DB007F6B3B /* FirstVC */,
				FA4666161F8CF8FB007F6B3B /* SecondVC */,
				FA4666251F8D17BB007F6B3B /* FeedDescribingVC */,
				FA4666081F8CF806007F6B3B /* Assets.xcassets */,
				FA46660A1F8CF806007F6B3B /* LaunchScreen.storyboard */,
				FA46660D1F8CF806007F6B3B /* Info.plist */,
			);
			path = SyneboTestProject;
			sourceTree = "<group>";
		};
		FA4666151F8CF8DB007F6B3B /* FirstVC */ = {
			isa = PBXGroup;
			children = (
				FA4666031F8CF806007F6B3B /* FirstViewController.swift */,
				FA4666171F8CF913007F6B3B /* FirstUI.swift */,
			);
			path = FirstVC;
			sourceTree = "<group>";
		};
		FA4666161F8CF8FB007F6B3B /* SecondVC */ = {
			isa = PBXGroup;
			children = (
				FA4666131F8CF86A007F6B3B /* SecondViewController.swift */,
				FA4666191F8CFE5A007F6B3B /* SecondUI.swift */,
				FA4666201F8D08EB007F6B3B /* SecondTableViewDelegate.swift */,
			);
			path = SecondVC;
			sourceTree = "<group>";
		};
		FA46661D1F8D0374007F6B3B /* Helpers */ = {
			isa = PBXGroup;
			children = (
				FA4666231F8D1595007F6B3B /* SimpleAlert.swift */,
			);
			path = Helpers;
			sourceTree = "<group>";
		};
		FA4666251F8D17BB007F6B3B /* FeedDescribingVC */ = {
			isa = PBXGroup;
			children = (
				FA4666261F8D17D5007F6B3B /* FeedDescribingVC.swift */,
				FA4666281F8D18D1007F6B3B /* FeedDescriptionUI.swift */,
			);
			path = FeedDescribingVC;
			sourceTree = "<group>";
		};
/* End PBXGroup section */

/* Begin PBXNativeTarget section */
		FA4665FD1F8CF806007F6B3B /* SyneboTestProject */ = {
			isa = PBXNativeTarget;
			buildConfigurationList = FA4666101F8CF806007F6B3B /* Build configuration list for PBXNativeTarget "SyneboTestProject" */;
			buildPhases = (
				1BB41144B2458ECBD7E4D791 /* [CP] Check Pods Manifest.lock */,
				FA4665FA1F8CF806007F6B3B /* Sources */,
				FA4665FB1F8CF806007F6B3B /* Frameworks */,
				FA4665FC1F8CF806007F6B3B /* Resources */,
				8742BAF5B760DE7DCCE57650 /* [CP] Embed Pods Frameworks */,
				C11C89EDD02E9635B4C39EAD /* [CP] Copy Pods Resources */,
			);
			buildRules = (
			);
			dependencies = (
			);
			name = SyneboTestProject;
			productName = SyneboTestProject;
			productReference = FA4665FE1F8CF806007F6B3B /* SyneboTestProject.app */;
			productType = "com.apple.product-type.application";
		};
/* End PBXNativeTarget section */

/* Begin PBXProject section */
		FA4665F61F8CF806007F6B3B /* Project object */ = {
			isa = PBXProject;
			attributes = {
				LastSwiftUpdateCheck = 0900;
				LastUpgradeCheck = 0900;
				ORGANIZATIONNAME = "Alexandr Kudlak";
				TargetAttributes = {
					FA4665FD1F8CF806007F6B3B = {
						CreatedOnToolsVersion = 9.0;
						ProvisioningStyle = Automatic;
					};
				};
			};
			buildConfigurationList = FA4665F91F8CF806007F6B3B /* Build configuration list for PBXProject "SyneboTestProject" */;
			compatibilityVersion = "Xcode 8.0";
			developmentRegion = en;
			hasScannedForEncodings = 0;
			knownRegions = (
				en,
				Base,
			);
			mainGroup = FA4665F51F8CF806007F6B3B;
			productRefGroup = FA4665FF1F8CF806007F6B3B /* Products */;
			projectDirPath = "";
			projectRoot = "";
			targets = (
				FA4665FD1F8CF806007F6B3B /* SyneboTestProject */,
			);
		};
/* End PBXProject section */

/* Begin PBXResourcesBuildPhase section */
		FA4665FC1F8CF806007F6B3B /* Resources */ = {
			isa = PBXResourcesBuildPhase;
			buildActionMask = 2147483647;
			files = (
				FA46660C1F8CF806007F6B3B /* LaunchScreen.storyboard in Resources */,
				FA4666091F8CF806007F6B3B /* Assets.xcassets in Resources */,
			);
			runOnlyForDeploymentPostprocessing = 0;
		};
/* End PBXResourcesBuildPhase section */

/* Begin PBXShellScriptBuildPhase section */
		1BB41144B2458ECBD7E4D791 /* [CP] Check Pods Manifest.lock */ = {
			isa = PBXShellScriptBuildPhase;
			buildActionMask = 2147483647;
			files = (
			);
			inputPaths = (
				"${PODS_PODFILE_DIR_PATH}/Podfile.lock",
				"${PODS_ROOT}/Manifest.lock",
			);
			name = "[CP] Check Pods Manifest.lock";
			outputPaths = (
				"$(DERIVED_FILE_DIR)/Pods-SyneboTestProject-checkManifestLockResult.txt",
			);
			runOnlyForDeploymentPostprocessing = 0;
			shellPath = /bin/sh;
			shellScript = "diff \"${PODS_PODFILE_DIR_PATH}/Podfile.lock\" \"${PODS_ROOT}/Manifest.lock\" > /dev/null\nif [ $? != 0 ] ; then\n    # print error to STDERR\n    echo \"error: The sandbox is not in sync with the Podfile.lock. Run 'pod install' or update your CocoaPods installation.\" >&2\n    exit 1\nfi\n# This output is used by Xcode 'outputs' to avoid re-running this script phase.\necho \"SUCCESS\" > \"${SCRIPT_OUTPUT_FILE_0}\"\n";
			showEnvVarsInLog = 0;
		};
		8742BAF5B760DE7DCCE57650 /* [CP] Embed Pods Frameworks */ = {
			isa = PBXShellScriptBuildPhase;
			buildActionMask = 2147483647;
			files = (
			);
			inputPaths = (
				"${SRCROOT}/Pods/Target Support Files/Pods-SyneboTestProject/Pods-SyneboTestProject-frameworks.sh",
				"${BUILT_PRODUCTS_DIR}/FeedKit/FeedKit.framework",
				"${BUILT_PRODUCTS_DIR}/SVProgressHUD/SVProgressHUD.framework",
			);
			name = "[CP] Embed Pods Frameworks";
			outputPaths = (
				"${TARGET_BUILD_DIR}/${FRAMEWORKS_FOLDER_PATH}/FeedKit.framework",
				"${TARGET_BUILD_DIR}/${FRAMEWORKS_FOLDER_PATH}/SVProgressHUD.framework",
			);
			runOnlyForDeploymentPostprocessing = 0;
			shellPath = /bin/sh;
			shellScript = "\"${SRCROOT}/Pods/Target Support Files/Pods-SyneboTestProject/Pods-SyneboTestProject-frameworks.sh\"\n";
			showEnvVarsInLog = 0;
		};
		C11C89EDD02E9635B4C39EAD /* [CP] Copy Pods Resources */ = {
			isa = PBXShellScriptBuildPhase;
			buildActionMask = 2147483647;
			files = (
			);
			inputPaths = (
			);
			name = "[CP] Copy Pods Resources";
			outputPaths = (
			);
			runOnlyForDeploymentPostprocessing = 0;
			shellPath = /bin/sh;
			shellScript = "\"${SRCROOT}/Pods/Target Support Files/Pods-SyneboTestProject/Pods-SyneboTestProject-resources.sh\"\n";
			showEnvVarsInLog = 0;
		};
/* End PBXShellScriptBuildPhase section */

/* Begin PBXSourcesBuildPhase section */
		FA4665FA1F8CF806007F6B3B /* Sources */ = {
			isa = PBXSourcesBuildPhase;
			buildActionMask = 2147483647;
			files = (
				FA4666041F8CF806007F6B3B /* FirstViewController.swift in Sources */,
				FA4666211F8D08EB007F6B3B /* SecondTableViewDelegate.swift in Sources */,
				FA46661C1F8D02A7007F6B3B /* AppConstants.swift in Sources */,
				FA4666141F8CF86A007F6B3B /* SecondViewController.swift in Sources */,
				FA46661A1F8CFE5A007F6B3B /* SecondUI.swift in Sources */,
				FA4666241F8D1595007F6B3B /* SimpleAlert.swift in Sources */,
				FA4666181F8CF913007F6B3B /* FirstUI.swift in Sources */,
				FA4666291F8D18D1007F6B3B /* FeedDescriptionUI.swift in Sources */,
				FA4666271F8D17D5007F6B3B /* FeedDescribingVC.swift in Sources */,
				FA4666021F8CF806007F6B3B /* AppDelegate.swift in Sources */,
			);
			runOnlyForDeploymentPostprocessing = 0;
		};
/* End PBXSourcesBuildPhase section */

/* Begin PBXVariantGroup section */
		FA46660A1F8CF806007F6B3B /* LaunchScreen.storyboard */ = {
			isa = PBXVariantGroup;
			children = (
				FA46660B1F8CF806007F6B3B /* Base */,
			);
			name = LaunchScreen.storyboard;
			sourceTree = "<group>";
		};
/* End PBXVariantGroup section */

/* Begin XCBuildConfiguration section */
		FA46660E1F8CF806007F6B3B /* Debug */ = {
			isa = XCBuildConfiguration;
			buildSettings = {
				ALWAYS_SEARCH_USER_PATHS = NO;
				CLANG_ANALYZER_NONNULL = YES;
				CLANG_ANALYZER_NUMBER_OBJECT_CONVERSION = YES_AGGRESSIVE;
				CLANG_CXX_LANGUAGE_STANDARD = "gnu++14";
				CLANG_CXX_LIBRARY = "libc++";
				CLANG_ENABLE_MODULES = YES;
				CLANG_ENABLE_OBJC_ARC = YES;
				CLANG_WARN_BLOCK_CAPTURE_AUTORELEASING = YES;
				CLANG_WARN_BOOL_CONVERSION = YES;
				CLANG_WARN_COMMA = YES;
				CLANG_WARN_CONSTANT_CONVERSION = YES;
				CLANG_WARN_DIRECT_OBJC_ISA_USAGE = YES_ERROR;
				CLANG_WARN_DOCUMENTATION_COMMENTS = YES;
				CLANG_WARN_EMPTY_BODY = YES;
				CLANG_WARN_ENUM_CONVERSION = YES;
				CLANG_WARN_INFINITE_RECURSION = YES;
				CLANG_WARN_INT_CONVERSION = YES;
				CLANG_WARN_NON_LITERAL_NULL_CONVERSION = YES;
				CLANG_WARN_OBJC_LITERAL_CONVERSION = YES;
				CLANG_WARN_OBJC_ROOT_CLASS = YES_ERROR;
				CLANG_WARN_RANGE_LOOP_ANALYSIS = YES;
				CLANG_WARN_STRICT_PROTOTYPES = YES;
				CLANG_WARN_SUSPICIOUS_MOVE = YES;
				CLANG_WARN_UNGUARDED_AVAILABILITY = YES_AGGRESSIVE;
				CLANG_WARN_UNREACHABLE_CODE = YES;
				CLANG_WARN__DUPLICATE_METHOD_MATCH = YES;
				CODE_SIGN_IDENTITY = "iPhone Developer";
				COPY_PHASE_STRIP = NO;
				DEBUG_INFORMATION_FORMAT = dwarf;
				ENABLE_STRICT_OBJC_MSGSEND = YES;
				ENABLE_TESTABILITY = YES;
				GCC_C_LANGUAGE_STANDARD = gnu11;
				GCC_DYNAMIC_NO_PIC = NO;
				GCC_NO_COMMON_BLOCKS = YES;
				GCC_OPTIMIZATION_LEVEL = 0;
				GCC_PREPROCESSOR_DEFINITIONS = (
					"DEBUG=1",
					"$(inherited)",
				);
				GCC_WARN_64_TO_32_BIT_CONVERSION = YES;
				GCC_WARN_ABOUT_RETURN_TYPE = YES_ERROR;
				GCC_WARN_UNDECLARED_SELECTOR = YES;
				GCC_WARN_UNINITIALIZED_AUTOS = YES_AGGRESSIVE;
				GCC_WARN_UNUSED_FUNCTION = YES;
				GCC_WARN_UNUSED_VARIABLE = YES;
				IPHONEOS_DEPLOYMENT_TARGET = 11.0;
				MTL_ENABLE_DEBUG_INFO = YES;
				ONLY_ACTIVE_ARCH = YES;
				SDKROOT = iphoneos;
				SWIFT_ACTIVE_COMPILATION_CONDITIONS = DEBUG;
				SWIFT_OPTIMIZATION_LEVEL = "-Onone";
			};
			name = Debug;
		};
		FA46660F1F8CF806007F6B3B /* Release */ = {
			isa = XCBuildConfiguration;
			buildSettings = {
				ALWAYS_SEARCH_USER_PATHS = NO;
				CLANG_ANALYZER_NONNULL = YES;
				CLANG_ANALYZER_NUMBER_OBJECT_CONVERSION = YES_AGGRESSIVE;
				CLANG_CXX_LANGUAGE_STANDARD = "gnu++14";
				CLANG_CXX_LIBRARY = "libc++";
				CLANG_ENABLE_MODULES = YES;
				CLANG_ENABLE_OBJC_ARC = YES;
				CLANG_WARN_BLOCK_CAPTURE_AUTORELEASING = YES;
				CLANG_WARN_BOOL_CONVERSION = YES;
				CLANG_WARN_COMMA = YES;
				CLANG_WARN_CONSTANT_CONVERSION = YES;
				CLANG_WARN_DIRECT_OBJC_ISA_USAGE = YES_ERROR;
				CLANG_WARN_DOCUMENTATION_COMMENTS = YES;
				CLANG_WARN_EMPTY_BODY = YES;
				CLANG_WARN_ENUM_CONVERSION = YES;
				CLANG_WARN_INFINITE_RECURSION = YES;
				CLANG_WARN_INT_CONVERSION = YES;
				CLANG_WARN_NON_LITERAL_NULL_CONVERSION = YES;
				CLANG_WARN_OBJC_LITERAL_CONVERSION = YES;
				CLANG_WARN_OBJC_ROOT_CLASS = YES_ERROR;
				CLANG_WARN_RANGE_LOOP_ANALYSIS = YES;
				CLANG_WARN_STRICT_PROTOTYPES = YES;
				CLANG_WARN_SUSPICIOUS_MOVE = YES;
				CLANG_WARN_UNGUARDED_AVAILABILITY = YES_AGGRESSIVE;
				CLANG_WARN_UNREACHABLE_CODE = YES;
				CLANG_WARN__DUPLICATE_METHOD_MATCH = YES;
				CODE_SIGN_IDENTITY = "iPhone Developer";
				COPY_PHASE_STRIP = NO;
				DEBUG_INFORMATION_FORMAT = "dwarf-with-dsym";
				ENABLE_NS_ASSERTIONS = NO;
				ENABLE_STRICT_OBJC_MSGSEND = YES;
				GCC_C_LANGUAGE_STANDARD = gnu11;
				GCC_NO_COMMON_BLOCKS = YES;
				GCC_WARN_64_TO_32_BIT_CONVERSION = YES;
				GCC_WARN_ABOUT_RETURN_TYPE = YES_ERROR;
				GCC_WARN_UNDECLARED_SELECTOR = YES;
				GCC_WARN_UNINITIALIZED_AUTOS = YES_AGGRESSIVE;
				GCC_WARN_UNUSED_FUNCTION = YES;
				GCC_WARN_UNUSED_VARIABLE = YES;
				IPHONEOS_DEPLOYMENT_TARGET = 11.0;
				MTL_ENABLE_DEBUG_INFO = NO;
				SDKROOT = iphoneos;
				SWIFT_OPTIMIZATION_LEVEL = "-Owholemodule";
				VALIDATE_PRODUCT = YES;
			};
			name = Release;
		};
		FA4666111F8CF806007F6B3B /* Debug */ = {
			isa = XCBuildConfiguration;
			baseConfigurationReference = EE93C2E37F1CFD78BC09660A /* Pods-SyneboTestProject.debug.xcconfig */;
			buildSettings = {
				ASSETCATALOG_COMPILER_APPICON_NAME = AppIcon;
				CODE_SIGN_STYLE = Automatic;
				DEVELOPMENT_TEAM = Q363W6CQQF;
				INFOPLIST_FILE = SyneboTestProject/Info.plist;
				LD_RUNPATH_SEARCH_PATHS = "$(inherited) @executable_path/Frameworks";
				PRODUCT_BUNDLE_IDENTIFIER = alexgood.com.SyneboTestProject;
				PRODUCT_NAME = "$(TARGET_NAME)";
				SWIFT_VERSION = 4.0;
				TARGETED_DEVICE_FAMILY = "1,2";
			};
			name = Debug;
		};
		FA4666121F8CF806007F6B3B /* Release */ = {
			isa = XCBuildConfiguration;
			baseConfigurationReference = 7ED2C9B1D25827A3464E64B6 /* Pods-SyneboTestProject.release.xcconfig */;
			buildSettings = {
				ASSETCATALOG_COMPILER_APPICON_NAME = AppIcon;
				CODE_SIGN_STYLE = Automatic;
				DEVELOPMENT_TEAM = Q363W6CQQF;
				INFOPLIST_FILE = SyneboTestProject/Info.plist;
				LD_RUNPATH_SEARCH_PATHS = "$(inherited) @executable_path/Frameworks";
				PRODUCT_BUNDLE_IDENTIFIER = alexgood.com.SyneboTestProject;
				PRODUCT_NAME = "$(TARGET_NAME)";
				SWIFT_VERSION = 4.0;
				TARGETED_DEVICE_FAMILY = "1,2";
			};
			name = Release;
		};
/* End XCBuildConfiguration section */

/* Begin XCConfigurationList section */
		FA4665F91F8CF806007F6B3B /* Build configuration list for PBXProject "SyneboTestProject" */ = {
			isa = XCConfigurationList;
			buildConfigurations = (
				FA46660E1F8CF806007F6B3B /* Debug */,
				FA46660F1F8CF806007F6B3B /* Release */,
			);
			defaultConfigurationIsVisible = 0;
			defaultConfigurationName = Release;
		};
		FA4666101F8CF806007F6B3B /* Build configuration list for PBXNativeTarget "SyneboTestProject" */ = {
			isa = XCConfigurationList;
			buildConfigurations = (
				FA4666111F8CF806007F6B3B /* Debug */,
				FA4666121F8CF806007F6B3B /* Release */,
			);
			defaultConfigurationIsVisible = 0;
			defaultConfigurationName = Release;
		};
/* End XCConfigurationList section */
	};
	rootObject = FA4665F61F8CF806007F6B3B /* Project object */;
}
